// !$*UTF8*$!
{
	archiveVersion = 1;
	classes = {
	};
	objectVersion = 56;
	objects = {

/* Begin PBXBuildFile section */
		E710F5FF2A84CBF900C70359 /* AfricaApp.swift in Sources */ = {isa = PBXBuildFile; fileRef = E710F5FE2A84CBF900C70359 /* AfricaApp.swift */; };
		E710F6012A84CBF900C70359 /* ContentView.swift in Sources */ = {isa = PBXBuildFile; fileRef = E710F6002A84CBF900C70359 /* ContentView.swift */; };
		E710F6032A84CBFA00C70359 /* Assets.xcassets in Resources */ = {isa = PBXBuildFile; fileRef = E710F6022A84CBFA00C70359 /* Assets.xcassets */; };
		E710F6062A84CBFA00C70359 /* Preview Assets.xcassets in Resources */ = {isa = PBXBuildFile; fileRef = E710F6052A84CBFA00C70359 /* Preview Assets.xcassets */; };
		E710F6192A84D1A800C70359 /* WatchTabView.swift in Sources */ = {isa = PBXBuildFile; fileRef = E710F6182A84D1A800C70359 /* WatchTabView.swift */; };
		E710F61B2A84D1CB00C70359 /* BrowseTabView.swift in Sources */ = {isa = PBXBuildFile; fileRef = E710F61A2A84D1CB00C70359 /* BrowseTabView.swift */; };
		E710F61D2A84D1E400C70359 /* MapTabView.swift in Sources */ = {isa = PBXBuildFile; fileRef = E710F61C2A84D1E400C70359 /* MapTabView.swift */; };
		E710F61F2A84D1F600C70359 /* GalleryTabView.swift in Sources */ = {isa = PBXBuildFile; fileRef = E710F61E2A84D1F600C70359 /* GalleryTabView.swift */; };
		E710F6232A84E47300C70359 /* BrowseTabCoverView.swift in Sources */ = {isa = PBXBuildFile; fileRef = E710F6222A84E47300C70359 /* BrowseTabCoverView.swift */; };
		E710F6252A84E84B00C70359 /* BrowseTabListView.swift in Sources */ = {isa = PBXBuildFile; fileRef = E710F6242A84E84B00C70359 /* BrowseTabListView.swift */; };
		E710F6272A84E86100C70359 /* BrowseTabListItemView.swift in Sources */ = {isa = PBXBuildFile; fileRef = E710F6262A84E86100C70359 /* BrowseTabListItemView.swift */; };
		E710F62C2A84FB0400C70359 /* BrowseTabCoverImageModel.swift in Sources */ = {isa = PBXBuildFile; fileRef = E710F62B2A84FB0400C70359 /* BrowseTabCoverImageModel.swift */; };
		E710F62F2A84FC5100C70359 /* CodableBundleExtension.swift in Sources */ = {isa = PBXBuildFile; fileRef = E710F62E2A84FC5100C70359 /* CodableBundleExtension.swift */; };
		E710F6312A85279000C70359 /* ModelData.swift in Sources */ = {isa = PBXBuildFile; fileRef = E710F6302A85279000C70359 /* ModelData.swift */; };
		E79F39672A85472800EE634B /* browse-cover-images.geojson in Resources */ = {isa = PBXBuildFile; fileRef = E79F39662A85472800EE634B /* browse-cover-images.geojson */; };
		E79F396C2A85475A00EE634B /* covers.json in Resources */ = {isa = PBXBuildFile; fileRef = E79F39682A85475A00EE634B /* covers.json */; };
		E79F396D2A85475A00EE634B /* locations.json in Resources */ = {isa = PBXBuildFile; fileRef = E79F39692A85475A00EE634B /* locations.json */; };
		E79F396E2A85475A00EE634B /* videos.json in Resources */ = {isa = PBXBuildFile; fileRef = E79F396A2A85475A00EE634B /* videos.json */; };
		E79F396F2A85475A00EE634B /* animals.json in Resources */ = {isa = PBXBuildFile; fileRef = E79F396B2A85475A00EE634B /* animals.json */; };
		E79F39712A854B2700EE634B /* BrowseTabGridView.swift in Sources */ = {isa = PBXBuildFile; fileRef = E79F39702A854B2700EE634B /* BrowseTabGridView.swift */; };
		E79F39732A854C9700EE634B /* BrowseTabAnimalModel.swift in Sources */ = {isa = PBXBuildFile; fileRef = E79F39722A854C9700EE634B /* BrowseTabAnimalModel.swift */; };
		E79F39752A8553C600EE634B /* BrowseTabGridItemView.swift in Sources */ = {isa = PBXBuildFile; fileRef = E79F39742A8553C600EE634B /* BrowseTabGridItemView.swift */; };
		E79F39772A88E78400EE634B /* BrowseAnimalsDetails.swift in Sources */ = {isa = PBXBuildFile; fileRef = E79F39762A88E78400EE634B /* BrowseAnimalsDetails.swift */; };
		E7E7C3DA2A8D3991006F71C8 /* WatchVideoList.swift in Sources */ = {isa = PBXBuildFile; fileRef = E7E7C3D92A8D3991006F71C8 /* WatchVideoList.swift */; };
		E7E7C3DC2A8D3AF5006F71C8 /* WatchVideosModel.swift in Sources */ = {isa = PBXBuildFile; fileRef = E7E7C3DB2A8D3AF5006F71C8 /* WatchVideosModel.swift */; };
		E7E7C3DE2A8F6350006F71C8 /* VideoPlayerView.swift in Sources */ = {isa = PBXBuildFile; fileRef = E7E7C3DD2A8F6350006F71C8 /* VideoPlayerView.swift */; };
		E7E7C3E12A8F66A1006F71C8 /* VideoPlayerHelper.swift in Sources */ = {isa = PBXBuildFile; fileRef = E7E7C3E02A8F66A1006F71C8 /* VideoPlayerHelper.swift */; };
		E7E7C3EC2A8F79CE006F71C8 /* gorilla.mp4 in Resources */ = {isa = PBXBuildFile; fileRef = E7E7C3E22A8F79CD006F71C8 /* gorilla.mp4 */; };
		E7E7C3ED2A8F79CE006F71C8 /* ostrich.mp4 in Resources */ = {isa = PBXBuildFile; fileRef = E7E7C3E32A8F79CD006F71C8 /* ostrich.mp4 */; };
		E7E7C3EE2A8F79CE006F71C8 /* rhino.mp4 in Resources */ = {isa = PBXBuildFile; fileRef = E7E7C3E42A8F79CD006F71C8 /* rhino.mp4 */; };
		E7E7C3EF2A8F79CE006F71C8 /* lioness.mp4 in Resources */ = {isa = PBXBuildFile; fileRef = E7E7C3E52A8F79CD006F71C8 /* lioness.mp4 */; };
		E7E7C3F02A8F79CE006F71C8 /* elephant.mp4 in Resources */ = {isa = PBXBuildFile; fileRef = E7E7C3E62A8F79CD006F71C8 /* elephant.mp4 */; };
		E7E7C3F12A8F79CE006F71C8 /* lion.mp4 in Resources */ = {isa = PBXBuildFile; fileRef = E7E7C3E72A8F79CD006F71C8 /* lion.mp4 */; };
		E7E7C3F22A8F79CE006F71C8 /* hippo.mp4 in Resources */ = {isa = PBXBuildFile; fileRef = E7E7C3E82A8F79CD006F71C8 /* hippo.mp4 */; };
		E7E7C3F32A8F79CE006F71C8 /* zebra.mp4 in Resources */ = {isa = PBXBuildFile; fileRef = E7E7C3E92A8F79CD006F71C8 /* zebra.mp4 */; };
		E7E7C3F42A8F79CE006F71C8 /* cheetah.mp4 in Resources */ = {isa = PBXBuildFile; fileRef = E7E7C3EA2A8F79CE006F71C8 /* cheetah.mp4 */; };
		E7E7C3F52A8F79CE006F71C8 /* giraffe.mp4 in Resources */ = {isa = PBXBuildFile; fileRef = E7E7C3EB2A8F79CE006F71C8 /* giraffe.mp4 */; };
		E7E7C3F82A8F7B46006F71C8 /* WatchFullVideoView.swift in Sources */ = {isa = PBXBuildFile; fileRef = E7E7C3F72A8F7B46006F71C8 /* WatchFullVideoView.swift */; };
		E7E7C3FA2A8F7FFD006F71C8 /* LocationsModel.swift in Sources */ = {isa = PBXBuildFile; fileRef = E7E7C3F92A8F7FFD006F71C8 /* LocationsModel.swift */; };
		E7E7C3FC2A8F933C006F71C8 /* MapAnnotationView.swift in Sources */ = {isa = PBXBuildFile; fileRef = E7E7C3FB2A8F933C006F71C8 /* MapAnnotationView.swift */; };
		E7E7C3FE2A901DA3006F71C8 /* GalleryImageItemView.swift in Sources */ = {isa = PBXBuildFile; fileRef = E7E7C3FD2A901DA3006F71C8 /* GalleryImageItemView.swift */; };
		E7E7C4042A922547006F71C8 /* Stickers.xcassets in Resources */ = {isa = PBXBuildFile; fileRef = E7E7C4032A922547006F71C8 /* Stickers.xcassets */; };
		E7E7C4082A922547006F71C8 /* Stickers.appex in Embed Foundation Extensions */ = {isa = PBXBuildFile; fileRef = E7E7C4012A922545006F71C8 /* Stickers.appex */; settings = {ATTRIBUTES = (RemoveHeadersOnCopy, ); }; };
/* End PBXBuildFile section */

/* Begin PBXContainerItemProxy section */
		E7E7C4062A922547006F71C8 /* PBXContainerItemProxy */ = {
			isa = PBXContainerItemProxy;
			containerPortal = E710F5F32A84CBF900C70359 /* Project object */;
			proxyType = 1;
			remoteGlobalIDString = E7E7C4002A922545006F71C8;
			remoteInfo = Stickers;
		};
/* End PBXContainerItemProxy section */

/* Begin PBXCopyFilesBuildPhase section */
		E7E7C40C2A922547006F71C8 /* Embed Foundation Extensions */ = {
			isa = PBXCopyFilesBuildPhase;
			buildActionMask = 2147483647;
			dstPath = "";
			dstSubfolderSpec = 13;
			files = (
				E7E7C4082A922547006F71C8 /* Stickers.appex in Embed Foundation Extensions */,
			);
			name = "Embed Foundation Extensions";
			runOnlyForDeploymentPostprocessing = 0;
		};
/* End PBXCopyFilesBuildPhase section */

/* Begin PBXFileReference section */
		E710F5FB2A84CBF900C70359 /* Africa.app */ = {isa = PBXFileReference; explicitFileType = wrapper.application; includeInIndex = 0; path = Africa.app; sourceTree = BUILT_PRODUCTS_DIR; };
		E710F5FE2A84CBF900C70359 /* AfricaApp.swift */ = {isa = PBXFileReference; lastKnownFileType = sourcecode.swift; path = AfricaApp.swift; sourceTree = "<group>"; };
		E710F6002A84CBF900C70359 /* ContentView.swift */ = {isa = PBXFileReference; lastKnownFileType = sourcecode.swift; path = ContentView.swift; sourceTree = "<group>"; };
		E710F6022A84CBFA00C70359 /* Assets.xcassets */ = {isa = PBXFileReference; lastKnownFileType = folder.assetcatalog; path = Assets.xcassets; sourceTree = "<group>"; };
		E710F6052A84CBFA00C70359 /* Preview Assets.xcassets */ = {isa = PBXFileReference; lastKnownFileType = folder.assetcatalog; path = "Preview Assets.xcassets"; sourceTree = "<group>"; };
		E710F6182A84D1A800C70359 /* WatchTabView.swift */ = {isa = PBXFileReference; lastKnownFileType = sourcecode.swift; path = WatchTabView.swift; sourceTree = "<group>"; };
		E710F61A2A84D1CB00C70359 /* BrowseTabView.swift */ = {isa = PBXFileReference; lastKnownFileType = sourcecode.swift; path = BrowseTabView.swift; sourceTree = "<group>"; };
		E710F61C2A84D1E400C70359 /* MapTabView.swift */ = {isa = PBXFileReference; lastKnownFileType = sourcecode.swift; path = MapTabView.swift; sourceTree = "<group>"; };
		E710F61E2A84D1F600C70359 /* GalleryTabView.swift */ = {isa = PBXFileReference; lastKnownFileType = sourcecode.swift; path = GalleryTabView.swift; sourceTree = "<group>"; };
		E710F6202A84DED000C70359 /* Info.plist */ = {isa = PBXFileReference; lastKnownFileType = text.plist; path = Info.plist; sourceTree = "<group>"; };
		E710F6222A84E47300C70359 /* BrowseTabCoverView.swift */ = {isa = PBXFileReference; lastKnownFileType = sourcecode.swift; path = BrowseTabCoverView.swift; sourceTree = "<group>"; };
		E710F6242A84E84B00C70359 /* BrowseTabListView.swift */ = {isa = PBXFileReference; lastKnownFileType = sourcecode.swift; path = BrowseTabListView.swift; sourceTree = "<group>"; };
		E710F6262A84E86100C70359 /* BrowseTabListItemView.swift */ = {isa = PBXFileReference; lastKnownFileType = sourcecode.swift; path = BrowseTabListItemView.swift; sourceTree = "<group>"; };
		E710F62B2A84FB0400C70359 /* BrowseTabCoverImageModel.swift */ = {isa = PBXFileReference; lastKnownFileType = sourcecode.swift; path = BrowseTabCoverImageModel.swift; sourceTree = "<group>"; };
		E710F62E2A84FC5100C70359 /* CodableBundleExtension.swift */ = {isa = PBXFileReference; lastKnownFileType = sourcecode.swift; path = CodableBundleExtension.swift; sourceTree = "<group>"; };
		E710F6302A85279000C70359 /* ModelData.swift */ = {isa = PBXFileReference; lastKnownFileType = sourcecode.swift; path = ModelData.swift; sourceTree = "<group>"; };
		E79F39662A85472800EE634B /* browse-cover-images.geojson */ = {isa = PBXFileReference; lastKnownFileType = text; path = "browse-cover-images.geojson"; sourceTree = "<group>"; };
		E79F39682A85475A00EE634B /* covers.json */ = {isa = PBXFileReference; fileEncoding = 4; lastKnownFileType = text.json; path = covers.json; sourceTree = "<group>"; };
		E79F39692A85475A00EE634B /* locations.json */ = {isa = PBXFileReference; fileEncoding = 4; lastKnownFileType = text.json; path = locations.json; sourceTree = "<group>"; };
		E79F396A2A85475A00EE634B /* videos.json */ = {isa = PBXFileReference; fileEncoding = 4; lastKnownFileType = text.json; path = videos.json; sourceTree = "<group>"; };
		E79F396B2A85475A00EE634B /* animals.json */ = {isa = PBXFileReference; fileEncoding = 4; lastKnownFileType = text.json; path = animals.json; sourceTree = "<group>"; };
		E79F39702A854B2700EE634B /* BrowseTabGridView.swift */ = {isa = PBXFileReference; lastKnownFileType = sourcecode.swift; path = BrowseTabGridView.swift; sourceTree = "<group>"; };
		E79F39722A854C9700EE634B /* BrowseTabAnimalModel.swift */ = {isa = PBXFileReference; lastKnownFileType = sourcecode.swift; path = BrowseTabAnimalModel.swift; sourceTree = "<group>"; };
		E79F39742A8553C600EE634B /* BrowseTabGridItemView.swift */ = {isa = PBXFileReference; lastKnownFileType = sourcecode.swift; path = BrowseTabGridItemView.swift; sourceTree = "<group>"; };
		E79F39762A88E78400EE634B /* BrowseAnimalsDetails.swift */ = {isa = PBXFileReference; lastKnownFileType = sourcecode.swift; path = BrowseAnimalsDetails.swift; sourceTree = "<group>"; };
		E7E7C3D92A8D3991006F71C8 /* WatchVideoList.swift */ = {isa = PBXFileReference; lastKnownFileType = sourcecode.swift; path = WatchVideoList.swift; sourceTree = "<group>"; };
		E7E7C3DB2A8D3AF5006F71C8 /* WatchVideosModel.swift */ = {isa = PBXFileReference; lastKnownFileType = sourcecode.swift; path = WatchVideosModel.swift; sourceTree = "<group>"; };
		E7E7C3DD2A8F6350006F71C8 /* VideoPlayerView.swift */ = {isa = PBXFileReference; lastKnownFileType = sourcecode.swift; path = VideoPlayerView.swift; sourceTree = "<group>"; };
		E7E7C3E02A8F66A1006F71C8 /* VideoPlayerHelper.swift */ = {isa = PBXFileReference; lastKnownFileType = sourcecode.swift; path = VideoPlayerHelper.swift; sourceTree = "<group>"; };
		E7E7C3E22A8F79CD006F71C8 /* gorilla.mp4 */ = {isa = PBXFileReference; lastKnownFileType = file; path = gorilla.mp4; sourceTree = "<group>"; };
		E7E7C3E32A8F79CD006F71C8 /* ostrich.mp4 */ = {isa = PBXFileReference; lastKnownFileType = file; path = ostrich.mp4; sourceTree = "<group>"; };
		E7E7C3E42A8F79CD006F71C8 /* rhino.mp4 */ = {isa = PBXFileReference; lastKnownFileType = file; path = rhino.mp4; sourceTree = "<group>"; };
		E7E7C3E52A8F79CD006F71C8 /* lioness.mp4 */ = {isa = PBXFileReference; lastKnownFileType = file; path = lioness.mp4; sourceTree = "<group>"; };
		E7E7C3E62A8F79CD006F71C8 /* elephant.mp4 */ = {isa = PBXFileReference; lastKnownFileType = file; path = elephant.mp4; sourceTree = "<group>"; };
		E7E7C3E72A8F79CD006F71C8 /* lion.mp4 */ = {isa = PBXFileReference; lastKnownFileType = file; path = lion.mp4; sourceTree = "<group>"; };
		E7E7C3E82A8F79CD006F71C8 /* hippo.mp4 */ = {isa = PBXFileReference; lastKnownFileType = file; path = hippo.mp4; sourceTree = "<group>"; };
		E7E7C3E92A8F79CD006F71C8 /* zebra.mp4 */ = {isa = PBXFileReference; lastKnownFileType = file; path = zebra.mp4; sourceTree = "<group>"; };
		E7E7C3EA2A8F79CE006F71C8 /* cheetah.mp4 */ = {isa = PBXFileReference; lastKnownFileType = file; path = cheetah.mp4; sourceTree = "<group>"; };
		E7E7C3EB2A8F79CE006F71C8 /* giraffe.mp4 */ = {isa = PBXFileReference; lastKnownFileType = file; path = giraffe.mp4; sourceTree = "<group>"; };
		E7E7C3F72A8F7B46006F71C8 /* WatchFullVideoView.swift */ = {isa = PBXFileReference; lastKnownFileType = sourcecode.swift; path = WatchFullVideoView.swift; sourceTree = "<group>"; };
		E7E7C3F92A8F7FFD006F71C8 /* LocationsModel.swift */ = {isa = PBXFileReference; lastKnownFileType = sourcecode.swift; path = LocationsModel.swift; sourceTree = "<group>"; };
		E7E7C3FB2A8F933C006F71C8 /* MapAnnotationView.swift */ = {isa = PBXFileReference; lastKnownFileType = sourcecode.swift; path = MapAnnotationView.swift; sourceTree = "<group>"; };
		E7E7C3FD2A901DA3006F71C8 /* GalleryImageItemView.swift */ = {isa = PBXFileReference; lastKnownFileType = sourcecode.swift; path = GalleryImageItemView.swift; sourceTree = "<group>"; };
		E7E7C4012A922545006F71C8 /* Stickers.appex */ = {isa = PBXFileReference; explicitFileType = "wrapper.app-extension"; includeInIndex = 0; path = Stickers.appex; sourceTree = BUILT_PRODUCTS_DIR; };
		E7E7C4032A922547006F71C8 /* Stickers.xcassets */ = {isa = PBXFileReference; lastKnownFileType = folder.assetcatalog; path = Stickers.xcassets; sourceTree = "<group>"; };
		E7E7C4052A922547006F71C8 /* Info.plist */ = {isa = PBXFileReference; lastKnownFileType = text.plist.xml; path = Info.plist; sourceTree = "<group>"; };
/* End PBXFileReference section */

/* Begin PBXFrameworksBuildPhase section */
		E710F5F82A84CBF900C70359 /* Frameworks */ = {
			isa = PBXFrameworksBuildPhase;
			buildActionMask = 2147483647;
			files = (
			);
			runOnlyForDeploymentPostprocessing = 0;
		};
/* End PBXFrameworksBuildPhase section */

/* Begin PBXGroup section */
		E710F5F22A84CBF900C70359 = {
			isa = PBXGroup;
			children = (
				E710F5FD2A84CBF900C70359 /* Africa */,
				E7E7C4022A922546006F71C8 /* Stickers */,
				E710F5FC2A84CBF900C70359 /* Products */,
			);
			sourceTree = "<group>";
		};
		E710F5FC2A84CBF900C70359 /* Products */ = {
			isa = PBXGroup;
			children = (
				E710F5FB2A84CBF900C70359 /* Africa.app */,
				E7E7C4012A922545006F71C8 /* Stickers.appex */,
			);
			name = Products;
			sourceTree = "<group>";
		};
		E710F5FD2A84CBF900C70359 /* Africa */ = {
			isa = PBXGroup;
			children = (
				E7E7C3F62A8F79D5006F71C8 /* Video */,
				E7E7C3DF2A8F6686006F71C8 /* Utils */,
				E79F39652A8546FC00EE634B /* Data */,
				E710F62D2A84FC3B00C70359 /* Extensions */,
				E710F62A2A84FAE900C70359 /* Model */,
				E710F6202A84DED000C70359 /* Info.plist */,
				E710F60E2A84CFEE00C70359 /* Components */,
				E710F6212A84DF8600C70359 /* App */,
				E710F6112A84D01200C70359 /* Screens */,
				E710F6102A84D00800C70359 /* New Group */,
				E710F6022A84CBFA00C70359 /* Assets.xcassets */,
				E710F6042A84CBFA00C70359 /* Preview Content */,
			);
			path = Africa;
			sourceTree = "<group>";
		};
		E710F6042A84CBFA00C70359 /* Preview Content */ = {
			isa = PBXGroup;
			children = (
				E710F6052A84CBFA00C70359 /* Preview Assets.xcassets */,
			);
			path = "Preview Content";
			sourceTree = "<group>";
		};
		E710F60E2A84CFEE00C70359 /* Components */ = {
			isa = PBXGroup;
			children = (
				E710F6222A84E47300C70359 /* BrowseTabCoverView.swift */,
				E710F6242A84E84B00C70359 /* BrowseTabListView.swift */,
				E710F6262A84E86100C70359 /* BrowseTabListItemView.swift */,
				E79F39702A854B2700EE634B /* BrowseTabGridView.swift */,
				E79F39742A8553C600EE634B /* BrowseTabGridItemView.swift */,
				E7E7C3D92A8D3991006F71C8 /* WatchVideoList.swift */,
				E7E7C3DD2A8F6350006F71C8 /* VideoPlayerView.swift */,
				E7E7C3FB2A8F933C006F71C8 /* MapAnnotationView.swift */,
				E7E7C3FD2A901DA3006F71C8 /* GalleryImageItemView.swift */,
			);
			path = Components;
			sourceTree = "<group>";
		};
		E710F6102A84D00800C70359 /* New Group */ = {
			isa = PBXGroup;
			children = (
			);
			path = "New Group";
			sourceTree = "<group>";
		};
		E710F6112A84D01200C70359 /* Screens */ = {
			isa = PBXGroup;
			children = (
				E710F6182A84D1A800C70359 /* WatchTabView.swift */,
				E710F61A2A84D1CB00C70359 /* BrowseTabView.swift */,
				E710F61C2A84D1E400C70359 /* MapTabView.swift */,
				E710F61E2A84D1F600C70359 /* GalleryTabView.swift */,
				E79F39762A88E78400EE634B /* BrowseAnimalsDetails.swift */,
				E7E7C3F72A8F7B46006F71C8 /* WatchFullVideoView.swift */,
			);
			path = Screens;
			sourceTree = "<group>";
		};
		E710F6212A84DF8600C70359 /* App */ = {
			isa = PBXGroup;
			children = (
				E710F5FE2A84CBF900C70359 /* AfricaApp.swift */,
				E710F6002A84CBF900C70359 /* ContentView.swift */,
			);
			path = App;
			sourceTree = "<group>";
		};
		E710F62A2A84FAE900C70359 /* Model */ = {
			isa = PBXGroup;
			children = (
				E710F62B2A84FB0400C70359 /* BrowseTabCoverImageModel.swift */,
				E710F6302A85279000C70359 /* ModelData.swift */,
				E79F39722A854C9700EE634B /* BrowseTabAnimalModel.swift */,
				E7E7C3DB2A8D3AF5006F71C8 /* WatchVideosModel.swift */,
				E7E7C3F92A8F7FFD006F71C8 /* LocationsModel.swift */,
			);
			path = Model;
			sourceTree = "<group>";
		};
		E710F62D2A84FC3B00C70359 /* Extensions */ = {
			isa = PBXGroup;
			children = (
				E710F62E2A84FC5100C70359 /* CodableBundleExtension.swift */,
			);
			path = Extensions;
			sourceTree = "<group>";
		};
		E79F39652A8546FC00EE634B /* Data */ = {
			isa = PBXGroup;
			children = (
				E79F396B2A85475A00EE634B /* animals.json */,
				E79F39682A85475A00EE634B /* covers.json */,
				E79F39692A85475A00EE634B /* locations.json */,
				E79F396A2A85475A00EE634B /* videos.json */,
				E79F39662A85472800EE634B /* browse-cover-images.geojson */,
			);
			path = Data;
			sourceTree = "<group>";
		};
		E7E7C3DF2A8F6686006F71C8 /* Utils */ = {
			isa = PBXGroup;
			children = (
				E7E7C3E02A8F66A1006F71C8 /* VideoPlayerHelper.swift */,
			);
			path = Utils;
			sourceTree = "<group>";
		};
		E7E7C3F62A8F79D5006F71C8 /* Video */ = {
			isa = PBXGroup;
			children = (
				E7E7C3EA2A8F79CE006F71C8 /* cheetah.mp4 */,
				E7E7C3E62A8F79CD006F71C8 /* elephant.mp4 */,
				E7E7C3EB2A8F79CE006F71C8 /* giraffe.mp4 */,
				E7E7C3E22A8F79CD006F71C8 /* gorilla.mp4 */,
				E7E7C3E82A8F79CD006F71C8 /* hippo.mp4 */,
				E7E7C3E72A8F79CD006F71C8 /* lion.mp4 */,
				E7E7C3E52A8F79CD006F71C8 /* lioness.mp4 */,
				E7E7C3E32A8F79CD006F71C8 /* ostrich.mp4 */,
				E7E7C3E42A8F79CD006F71C8 /* rhino.mp4 */,
				E7E7C3E92A8F79CD006F71C8 /* zebra.mp4 */,
			);
			path = Video;
			sourceTree = "<group>";
		};
		E7E7C4022A922546006F71C8 /* Stickers */ = {
			isa = PBXGroup;
			children = (
				E7E7C4032A922547006F71C8 /* Stickers.xcassets */,
				E7E7C4052A922547006F71C8 /* Info.plist */,
			);
			path = Stickers;
			sourceTree = "<group>";
		};
/* End PBXGroup section */

/* Begin PBXNativeTarget section */
		E710F5FA2A84CBF900C70359 /* Africa */ = {
			isa = PBXNativeTarget;
			buildConfigurationList = E710F6092A84CBFA00C70359 /* Build configuration list for PBXNativeTarget "Africa" */;
			buildPhases = (
				E710F5F72A84CBF900C70359 /* Sources */,
				E710F5F82A84CBF900C70359 /* Frameworks */,
				E710F5F92A84CBF900C70359 /* Resources */,
				E7E7C40C2A922547006F71C8 /* Embed Foundation Extensions */,
			);
			buildRules = (
			);
			dependencies = (
				E7E7C4072A922547006F71C8 /* PBXTargetDependency */,
			);
			name = Africa;
			productName = Africa;
			productReference = E710F5FB2A84CBF900C70359 /* Africa.app */;
			productType = "com.apple.product-type.application";
		};
		E7E7C4002A922545006F71C8 /* Stickers */ = {
			isa = PBXNativeTarget;
			buildConfigurationList = E7E7C4092A922547006F71C8 /* Build configuration list for PBXNativeTarget "Stickers" */;
			buildPhases = (
				E7E7C3FF2A922545006F71C8 /* Resources */,
			);
			buildRules = (
			);
			dependencies = (
			);
			name = Stickers;
			productName = Stickers;
			productReference = E7E7C4012A922545006F71C8 /* Stickers.appex */;
			productType = "com.apple.product-type.app-extension.messages-sticker-pack";
		};
/* End PBXNativeTarget section */

/* Begin PBXProject section */
		E710F5F32A84CBF900C70359 /* Project object */ = {
			isa = PBXProject;
			attributes = {
				BuildIndependentTargetsInParallel = 1;
				LastSwiftUpdateCheck = 1430;
				LastUpgradeCheck = 1430;
				TargetAttributes = {
					E710F5FA2A84CBF900C70359 = {
						CreatedOnToolsVersion = 14.3.1;
					};
					E7E7C4002A922545006F71C8 = {
						CreatedOnToolsVersion = 14.3.1;
					};
				};
			};
			buildConfigurationList = E710F5F62A84CBF900C70359 /* Build configuration list for PBXProject "Africa" */;
			compatibilityVersion = "Xcode 14.0";
			developmentRegion = en;
			hasScannedForEncodings = 0;
			knownRegions = (
				en,
				Base,
			);
			mainGroup = E710F5F22A84CBF900C70359;
			productRefGroup = E710F5FC2A84CBF900C70359 /* Products */;
			projectDirPath = "";
			projectRoot = "";
			targets = (
				E710F5FA2A84CBF900C70359 /* Africa */,
				E7E7C4002A922545006F71C8 /* Stickers */,
			);
		};
/* End PBXProject section */

/* Begin PBXResourcesBuildPhase section */
		E710F5F92A84CBF900C70359 /* Resources */ = {
			isa = PBXResourcesBuildPhase;
			buildActionMask = 2147483647;
			files = (
				E7E7C3F12A8F79CE006F71C8 /* lion.mp4 in Resources */,
				E7E7C3F32A8F79CE006F71C8 /* zebra.mp4 in Resources */,
				E7E7C3F52A8F79CE006F71C8 /* giraffe.mp4 in Resources */,
				E79F396D2A85475A00EE634B /* locations.json in Resources */,
				E7E7C3F22A8F79CE006F71C8 /* hippo.mp4 in Resources */,
				E7E7C3EF2A8F79CE006F71C8 /* lioness.mp4 in Resources */,
				E79F396C2A85475A00EE634B /* covers.json in Resources */,
				E710F6062A84CBFA00C70359 /* Preview Assets.xcassets in Resources */,
				E7E7C3ED2A8F79CE006F71C8 /* ostrich.mp4 in Resources */,
				E79F396E2A85475A00EE634B /* videos.json in Resources */,
				E7E7C3EC2A8F79CE006F71C8 /* gorilla.mp4 in Resources */,
				E79F396F2A85475A00EE634B /* animals.json in Resources */,
				E7E7C3F02A8F79CE006F71C8 /* elephant.mp4 in Resources */,
				E7E7C3F42A8F79CE006F71C8 /* cheetah.mp4 in Resources */,
				E79F39672A85472800EE634B /* browse-cover-images.geojson in Resources */,
				E7E7C3EE2A8F79CE006F71C8 /* rhino.mp4 in Resources */,
				E710F6032A84CBFA00C70359 /* Assets.xcassets in Resources */,
			);
			runOnlyForDeploymentPostprocessing = 0;
		};
		E7E7C3FF2A922545006F71C8 /* Resources */ = {
			isa = PBXResourcesBuildPhase;
			buildActionMask = 2147483647;
			files = (
				E7E7C4042A922547006F71C8 /* Stickers.xcassets in Resources */,
			);
			runOnlyForDeploymentPostprocessing = 0;
		};
/* End PBXResourcesBuildPhase section */

/* Begin PBXSourcesBuildPhase section */
		E710F5F72A84CBF900C70359 /* Sources */ = {
			isa = PBXSourcesBuildPhase;
			buildActionMask = 2147483647;
			files = (
				E710F6012A84CBF900C70359 /* ContentView.swift in Sources */,
				E7E7C3DE2A8F6350006F71C8 /* VideoPlayerView.swift in Sources */,
				E710F6192A84D1A800C70359 /* WatchTabView.swift in Sources */,
				E710F6252A84E84B00C70359 /* BrowseTabListView.swift in Sources */,
				E710F6312A85279000C70359 /* ModelData.swift in Sources */,
				E79F39712A854B2700EE634B /* BrowseTabGridView.swift in Sources */,
				E710F62C2A84FB0400C70359 /* BrowseTabCoverImageModel.swift in Sources */,
				E710F61B2A84D1CB00C70359 /* BrowseTabView.swift in Sources */,
				E7E7C3F82A8F7B46006F71C8 /* WatchFullVideoView.swift in Sources */,
				E710F5FF2A84CBF900C70359 /* AfricaApp.swift in Sources */,
				E710F6232A84E47300C70359 /* BrowseTabCoverView.swift in Sources */,
				E7E7C3E12A8F66A1006F71C8 /* VideoPlayerHelper.swift in Sources */,
				E7E7C3FA2A8F7FFD006F71C8 /* LocationsModel.swift in Sources */,
				E710F6272A84E86100C70359 /* BrowseTabListItemView.swift in Sources */,
				E710F62F2A84FC5100C70359 /* CodableBundleExtension.swift in Sources */,
				E7E7C3DC2A8D3AF5006F71C8 /* WatchVideosModel.swift in Sources */,
				E7E7C3DA2A8D3991006F71C8 /* WatchVideoList.swift in Sources */,
				E79F39772A88E78400EE634B /* BrowseAnimalsDetails.swift in Sources */,
				E7E7C3FE2A901DA3006F71C8 /* GalleryImageItemView.swift in Sources */,
				E79F39732A854C9700EE634B /* BrowseTabAnimalModel.swift in Sources */,
				E710F61D2A84D1E400C70359 /* MapTabView.swift in Sources */,
				E710F61F2A84D1F600C70359 /* GalleryTabView.swift in Sources */,
				E7E7C3FC2A8F933C006F71C8 /* MapAnnotationView.swift in Sources */,
				E79F39752A8553C600EE634B /* BrowseTabGridItemView.swift in Sources */,
			);
			runOnlyForDeploymentPostprocessing = 0;
		};
/* End PBXSourcesBuildPhase section */

/* Begin PBXTargetDependency section */
		E7E7C4072A922547006F71C8 /* PBXTargetDependency */ = {
			isa = PBXTargetDependency;
			target = E7E7C4002A922545006F71C8 /* Stickers */;
			targetProxy = E7E7C4062A922547006F71C8 /* PBXContainerItemProxy */;
		};
/* End PBXTargetDependency section */

/* Begin XCBuildConfiguration section */
		E710F6072A84CBFA00C70359 /* Debug */ = {
			isa = XCBuildConfiguration;
			buildSettings = {
				ALWAYS_SEARCH_USER_PATHS = NO;
				CLANG_ANALYZER_NONNULL = YES;
				CLANG_ANALYZER_NUMBER_OBJECT_CONVERSION = YES_AGGRESSIVE;
				CLANG_CXX_LANGUAGE_STANDARD = "gnu++20";
				CLANG_ENABLE_MODULES = YES;
				CLANG_ENABLE_OBJC_ARC = YES;
				CLANG_ENABLE_OBJC_WEAK = YES;
				CLANG_WARN_BLOCK_CAPTURE_AUTORELEASING = YES;
				CLANG_WARN_BOOL_CONVERSION = YES;
				CLANG_WARN_COMMA = YES;
				CLANG_WARN_CONSTANT_CONVERSION = YES;
				CLANG_WARN_DEPRECATED_OBJC_IMPLEMENTATIONS = YES;
				CLANG_WARN_DIRECT_OBJC_ISA_USAGE = YES_ERROR;
				CLANG_WARN_DOCUMENTATION_COMMENTS = YES;
				CLANG_WARN_EMPTY_BODY = YES;
				CLANG_WARN_ENUM_CONVERSION = YES;
				CLANG_WARN_INFINITE_RECURSION = YES;
				CLANG_WARN_INT_CONVERSION = YES;
				CLANG_WARN_NON_LITERAL_NULL_CONVERSION = YES;
				CLANG_WARN_OBJC_IMPLICIT_RETAIN_SELF = YES;
				CLANG_WARN_OBJC_LITERAL_CONVERSION = YES;
				CLANG_WARN_OBJC_ROOT_CLASS = YES_ERROR;
				CLANG_WARN_QUOTED_INCLUDE_IN_FRAMEWORK_HEADER = YES;
				CLANG_WARN_RANGE_LOOP_ANALYSIS = YES;
				CLANG_WARN_STRICT_PROTOTYPES = YES;
				CLANG_WARN_SUSPICIOUS_MOVE = YES;
				CLANG_WARN_UNGUARDED_AVAILABILITY = YES_AGGRESSIVE;
				CLANG_WARN_UNREACHABLE_CODE = YES;
				CLANG_WARN__DUPLICATE_METHOD_MATCH = YES;
				COPY_PHASE_STRIP = NO;
				DEBUG_INFORMATION_FORMAT = dwarf;
				ENABLE_STRICT_OBJC_MSGSEND = YES;
				ENABLE_TESTABILITY = YES;
				GCC_C_LANGUAGE_STANDARD = gnu11;
				GCC_DYNAMIC_NO_PIC = NO;
				GCC_NO_COMMON_BLOCKS = YES;
				GCC_OPTIMIZATION_LEVEL = 0;
				GCC_PREPROCESSOR_DEFINITIONS = (
					"DEBUG=1",
					"$(inherited)",
				);
				GCC_WARN_64_TO_32_BIT_CONVERSION = YES;
				GCC_WARN_ABOUT_RETURN_TYPE = YES_ERROR;
				GCC_WARN_UNDECLARED_SELECTOR = YES;
				GCC_WARN_UNINITIALIZED_AUTOS = YES_AGGRESSIVE;
				GCC_WARN_UNUSED_FUNCTION = YES;
				GCC_WARN_UNUSED_VARIABLE = YES;
				IPHONEOS_DEPLOYMENT_TARGET = 16.4;
				MTL_ENABLE_DEBUG_INFO = INCLUDE_SOURCE;
				MTL_FAST_MATH = YES;
				ONLY_ACTIVE_ARCH = YES;
				SDKROOT = iphoneos;
				SWIFT_ACTIVE_COMPILATION_CONDITIONS = DEBUG;
				SWIFT_OPTIMIZATION_LEVEL = "-Onone";
			};
			name = Debug;
		};
		E710F6082A84CBFA00C70359 /* Release */ = {
			isa = XCBuildConfiguration;
			buildSettings = {
				ALWAYS_SEARCH_USER_PATHS = NO;
				CLANG_ANALYZER_NONNULL = YES;
				CLANG_ANALYZER_NUMBER_OBJECT_CONVERSION = YES_AGGRESSIVE;
				CLANG_CXX_LANGUAGE_STANDARD = "gnu++20";
				CLANG_ENABLE_MODULES = YES;
				CLANG_ENABLE_OBJC_ARC = YES;
				CLANG_ENABLE_OBJC_WEAK = YES;
				CLANG_WARN_BLOCK_CAPTURE_AUTORELEASING = YES;
				CLANG_WARN_BOOL_CONVERSION = YES;
				CLANG_WARN_COMMA = YES;
				CLANG_WARN_CONSTANT_CONVERSION = YES;
				CLANG_WARN_DEPRECATED_OBJC_IMPLEMENTATIONS = YES;
				CLANG_WARN_DIRECT_OBJC_ISA_USAGE = YES_ERROR;
				CLANG_WARN_DOCUMENTATION_COMMENTS = YES;
				CLANG_WARN_EMPTY_BODY = YES;
				CLANG_WARN_ENUM_CONVERSION = YES;
				CLANG_WARN_INFINITE_RECURSION = YES;
				CLANG_WARN_INT_CONVERSION = YES;
				CLANG_WARN_NON_LITERAL_NULL_CONVERSION = YES;
				CLANG_WARN_OBJC_IMPLICIT_RETAIN_SELF = YES;
				CLANG_WARN_OBJC_LITERAL_CONVERSION = YES;
				CLANG_WARN_OBJC_ROOT_CLASS = YES_ERROR;
				CLANG_WARN_QUOTED_INCLUDE_IN_FRAMEWORK_HEADER = YES;
				CLANG_WARN_RANGE_LOOP_ANALYSIS = YES;
				CLANG_WARN_STRICT_PROTOTYPES = YES;
				CLANG_WARN_SUSPICIOUS_MOVE = YES;
				CLANG_WARN_UNGUARDED_AVAILABILITY = YES_AGGRESSIVE;
				CLANG_WARN_UNREACHABLE_CODE = YES;
				CLANG_WARN__DUPLICATE_METHOD_MATCH = YES;
				COPY_PHASE_STRIP = NO;
				DEBUG_INFORMATION_FORMAT = "dwarf-with-dsym";
				ENABLE_NS_ASSERTIONS = NO;
				ENABLE_STRICT_OBJC_MSGSEND = YES;
				GCC_C_LANGUAGE_STANDARD = gnu11;
				GCC_NO_COMMON_BLOCKS = YES;
				GCC_WARN_64_TO_32_BIT_CONVERSION = YES;
				GCC_WARN_ABOUT_RETURN_TYPE = YES_ERROR;
				GCC_WARN_UNDECLARED_SELECTOR = YES;
				GCC_WARN_UNINITIALIZED_AUTOS = YES_AGGRESSIVE;
				GCC_WARN_UNUSED_FUNCTION = YES;
				GCC_WARN_UNUSED_VARIABLE = YES;
				IPHONEOS_DEPLOYMENT_TARGET = 16.4;
				MTL_ENABLE_DEBUG_INFO = NO;
				MTL_FAST_MATH = YES;
				SDKROOT = iphoneos;
				SWIFT_COMPILATION_MODE = wholemodule;
				SWIFT_OPTIMIZATION_LEVEL = "-O";
				VALIDATE_PRODUCT = YES;
			};
			name = Release;
		};
		E710F60A2A84CBFA00C70359 /* Debug */ = {
			isa = XCBuildConfiguration;
			buildSettings = {
				ASSETCATALOG_COMPILER_APPICON_NAME = AppIcon;
				ASSETCATALOG_COMPILER_GLOBAL_ACCENT_COLOR_NAME = AccentColor;
				CODE_SIGN_STYLE = Automatic;
				CURRENT_PROJECT_VERSION = 1;
				DEVELOPMENT_ASSET_PATHS = "\"Africa/Preview Content\"";
				DEVELOPMENT_TEAM = 2NVBN3MR94;
				ENABLE_PREVIEWS = YES;
				GENERATE_INFOPLIST_FILE = YES;
				INFOPLIST_FILE = Africa/Info.plist;
				INFOPLIST_KEY_UIApplicationSceneManifest_Generation = YES;
				INFOPLIST_KEY_UIApplicationSupportsIndirectInputEvents = YES;
				INFOPLIST_KEY_UISupportedInterfaceOrientations_iPad = "UIInterfaceOrientationPortrait UIInterfaceOrientationPortraitUpsideDown UIInterfaceOrientationLandscapeLeft UIInterfaceOrientationLandscapeRight";
				INFOPLIST_KEY_UISupportedInterfaceOrientations_iPhone = "UIInterfaceOrientationPortrait UIInterfaceOrientationLandscapeLeft UIInterfaceOrientationLandscapeRight";
				INFOPLIST_KEY_UIUserInterfaceStyle = Dark;
				LD_RUNPATH_SEARCH_PATHS = (
					"$(inherited)",
					"@executable_path/Frameworks",
				);
				MARKETING_VERSION = 1.0;
				PRODUCT_BUNDLE_IDENTIFIER = dev.heryordejy.Africa;
				PRODUCT_NAME = "$(TARGET_NAME)";
				SWIFT_EMIT_LOC_STRINGS = YES;
				SWIFT_VERSION = 5.0;
				TARGETED_DEVICE_FAMILY = "1,2";
			};
			name = Debug;
		};
		E710F60B2A84CBFA00C70359 /* Release */ = {
			isa = XCBuildConfiguration;
			buildSettings = {
				ASSETCATALOG_COMPILER_APPICON_NAME = AppIcon;
				ASSETCATALOG_COMPILER_GLOBAL_ACCENT_COLOR_NAME = AccentColor;
				CODE_SIGN_STYLE = Automatic;
				CURRENT_PROJECT_VERSION = 1;
				DEVELOPMENT_ASSET_PATHS = "\"Africa/Preview Content\"";
				DEVELOPMENT_TEAM = 2NVBN3MR94;
				ENABLE_PREVIEWS = YES;
				GENERATE_INFOPLIST_FILE = YES;
				INFOPLIST_FILE = Africa/Info.plist;
				INFOPLIST_KEY_UIApplicationSceneManifest_Generation = YES;
				INFOPLIST_KEY_UIApplicationSupportsIndirectInputEvents = YES;
				INFOPLIST_KEY_UISupportedInterfaceOrientations_iPad = "UIInterfaceOrientationPortrait UIInterfaceOrientationPortraitUpsideDown UIInterfaceOrientationLandscapeLeft UIInterfaceOrientationLandscapeRight";
				INFOPLIST_KEY_UISupportedInterfaceOrientations_iPhone = "UIInterfaceOrientationPortrait UIInterfaceOrientationLandscapeLeft UIInterfaceOrientationLandscapeRight";
				INFOPLIST_KEY_UIUserInterfaceStyle = Dark;
				LD_RUNPATH_SEARCH_PATHS = (
					"$(inherited)",
					"@executable_path/Frameworks",
				);
				MARKETING_VERSION = 1.0;
				PRODUCT_BUNDLE_IDENTIFIER = dev.heryordejy.Africa;
				PRODUCT_NAME = "$(TARGET_NAME)";
				SWIFT_EMIT_LOC_STRINGS = YES;
				SWIFT_VERSION = 5.0;
				TARGETED_DEVICE_FAMILY = "1,2";
			};
			name = Release;
		};
		E7E7C40A2A922547006F71C8 /* Debug */ = {
			isa = XCBuildConfiguration;
			buildSettings = {
				ASSETCATALOG_COMPILER_APPICON_NAME = "iMessage App Icon";
				CODE_SIGN_STYLE = Automatic;
				CURRENT_PROJECT_VERSION = 1;
				DEVELOPMENT_TEAM = 2NVBN3MR94;
				GENERATE_INFOPLIST_FILE = YES;
				INFOPLIST_FILE = Stickers/Info.plist;
				INFOPLIST_KEY_CFBundleDisplayName = Africa;
				MARKETING_VERSION = 1.0;
				PRODUCT_BUNDLE_IDENTIFIER = dev.heryordejy.Africa.Stickers;
				PRODUCT_NAME = "$(TARGET_NAME)";
				SKIP_INSTALL = YES;
				SWIFT_EMIT_LOC_STRINGS = YES;
				TARGETED_DEVICE_FAMILY = "1,2";
			};
			name = Debug;
		};
		E7E7C40B2A922547006F71C8 /* Release */ = {
			isa = XCBuildConfiguration;
			buildSettings = {
				ASSETCATALOG_COMPILER_APPICON_NAME = "iMessage App Icon";
				CODE_SIGN_STYLE = Automatic;
				CURRENT_PROJECT_VERSION = 1;
				DEVELOPMENT_TEAM = 2NVBN3MR94;
				GENERATE_INFOPLIST_FILE = YES;
				INFOPLIST_FILE = Stickers/Info.plist;
				INFOPLIST_KEY_CFBundleDisplayName = Africa;
				MARKETING_VERSION = 1.0;
				PRODUCT_BUNDLE_IDENTIFIER = dev.heryordejy.Africa.Stickers;
				PRODUCT_NAME = "$(TARGET_NAME)";
				SKIP_INSTALL = YES;
				SWIFT_EMIT_LOC_STRINGS = YES;
				TARGETED_DEVICE_FAMILY = "1,2";
			};
			name = Release;
		};
/* End XCBuildConfiguration section */

/* Begin XCConfigurationList section */
		E710F5F62A84CBF900C70359 /* Build configuration list for PBXProject "Africa" */ = {
			isa = XCConfigurationList;
			buildConfigurations = (
				E710F6072A84CBFA00C70359 /* Debug */,
				E710F6082A84CBFA00C70359 /* Release */,
			);
			defaultConfigurationIsVisible = 0;
			defaultConfigurationName = Release;
		};
		E710F6092A84CBFA00C70359 /* Build configuration list for PBXNativeTarget "Africa" */ = {
			isa = XCConfigurationList;
			buildConfigurations = (
				E710F60A2A84CBFA00C70359 /* Debug */,
				E710F60B2A84CBFA00C70359 /* Release */,
			);
			defaultConfigurationIsVisible = 0;
			defaultConfigurationName = Release;
		};
		E7E7C4092A922547006F71C8 /* Build configuration list for PBXNativeTarget "Stickers" */ = {
			isa = XCConfigurationList;
			buildConfigurations = (
				E7E7C40A2A922547006F71C8 /* Debug */,
				E7E7C40B2A922547006F71C8 /* Release */,
			);
			defaultConfigurationIsVisible = 0;
			defaultConfigurationName = Release;
		};
/* End XCConfigurationList section */
	};
	rootObject = E710F5F32A84CBF900C70359 /* Project object */;
}
